
Microsoft Visual Studio Solution File, Format Version 12.00
# Visual Studio Version 16
VisualStudioVersion = 16.0.32002.261
MinimumVisualStudioVersion = 10.0.40219.1
Project("{9A19103F-16F7-4668-BE54-9A1E7A4F7556}") = "ProjectDriveSafe", "ProjectDriveSafe.csproj", "{AA8C0257-05CE-44A4-A5FB-C7FD826658B3}"
EndProject
Global
	GlobalSection(SolutionConfigurationPlatforms) = preSolution
		Debug|Any CPU = Debug|Any CPU
		Release|Any CPU = Release|Any CPU
	EndGlobalSection
	GlobalSection(ProjectConfigurationPlatforms) = postSolution
		{AA8C0257-05CE-44A4-A5FB-C7FD826658B3}.Debug|Any CPU.ActiveCfg = Debug|Any CPU
		{AA8C0257-05CE-44A4-A5FB-C7FD826658B3}.Debug|Any CPU.Build.0 = Debug|Any CPU
		{AA8C0257-05CE-44A4-A5FB-C7FD826658B3}.Release|Any CPU.ActiveCfg = Release|Any CPU
		{AA8C0257-05CE-44A4-A5FB-C7FD826658B3}.Release|Any CPU.Build.0 = Release|Any CPU
	EndGlobalSection
	GlobalSection(SolutionProperties) = preSolution
		HideSolutionNode = FALSE
	EndGlobalSection
	GlobalSection(ExtensibilityGlobals) = postSolution
		SolutionGuid = {5B264CF3-0590-42C8-8F0A-E028B43BBDD4}
	EndGlobalSection
EndGlobal
